
Microsoft Visual Studio Solution File, Format Version 12.00
# Visual Studio Version 17
VisualStudioVersion = 17.8.34309.116
MinimumVisualStudioVersion = 10.0.40219.1
Project("{FAE04EC0-301F-11D3-BF4B-00C04F79EFBC}") = "HolidayBookingSite", "HolidayBookingSite\HolidayBookingSite.csproj", "{A28B3DAB-69D4-4BEB-A4CF-D51C225669A0}"
EndProject
Global
	GlobalSection(SolutionConfigurationPlatforms) = preSolution
		Debug|Any CPU = Debug|Any CPU
		Release|Any CPU = Release|Any CPU
	EndGlobalSection
	GlobalSection(ProjectConfigurationPlatforms) = postSolution
		{A28B3DAB-69D4-4BEB-A4CF-D51C225669A0}.Debug|Any CPU.ActiveCfg = Debug|Any CPU
		{A28B3DAB-69D4-4BEB-A4CF-D51C225669A0}.Debug|Any CPU.Build.0 = Debug|Any CPU
		{A28B3DAB-69D4-4BEB-A4CF-D51C225669A0}.Release|Any CPU.ActiveCfg = Release|Any CPU
		{A28B3DAB-69D4-4BEB-A4CF-D51C225669A0}.Release|Any CPU.Build.0 = Release|Any CPU
	EndGlobalSection
	GlobalSection(SolutionProperties) = preSolution
		HideSolutionNode = FALSE
	EndGlobalSection
	GlobalSection(ExtensibilityGlobals) = postSolution
		SolutionGuid = {55FE6338-DF0C-4F13-B9C1-5198CEEFE8DD}
	EndGlobalSection
EndGlobal
